# This file is automatically @generated by Poetry 1.8.3 and should not be changed by hand.

[[package]]
name = "et-xmlfile"
version = "1.1.0"
description = "An implementation of lxml.xmlfile for the standard library"
optional = false
python-versions = ">=3.6"
files = [
    {file = "et_xmlfile-1.1.0-py3-none-any.whl", hash = "sha256:a2ba85d1d6a74ef63837eed693bcb89c3f752169b0e3e7ae5b16ca5e1b3deada"},
    {file = "et_xmlfile-1.1.0.tar.gz", hash = "sha256:8eb9e2bc2f8c97e37a2dc85a09ecdcdec9d8a396530a6d5a33b30b9a92da0c5c"},
]

[[package]]
name = "openpyxl"
version = "3.1.4"
description = "A Python library to read/write Excel 2010 xlsx/xlsm files"
optional = false
python-versions = ">=3.8"
files = [
    {file = "openpyxl-3.1.4-py2.py3-none-any.whl", hash = "sha256:ec17f6483f2b8f7c88c57e5e5d3b0de0e3fb9ac70edc084d28e864f5b33bbefd"},
    {file = "openpyxl-3.1.4.tar.gz", hash = "sha256:8d2c8adf5d20d6ce8f9bca381df86b534835e974ed0156dacefa76f68c1d69fb"},
]

[package.dependencies]
et-xmlfile = "*"

[metadata]
lock-version = "2.0"
python-versions = "^3.8"
content-hash = "810f55ff65856e0fe8a8964f5169938df3763345a2526295538553bfd03499ac"
